
Microsoft Visual Studio Solution File, Format Version 12.00
# Visual Studio 14
VisualStudioVersion = 14.0.25123.0
MinimumVisualStudioVersion = 10.0.40219.1
Project("{FAE04EC0-301F-11D3-BF4B-00C04F79EFBC}") = "SocialLogin", "SocialLogin\SocialLogin\SocialLogin.csproj", "{F91A27BF-DB9B-48A0-950A-9EAD82AA1D07}"
EndProject
Project("{FAE04EC0-301F-11D3-BF4B-00C04F79EFBC}") = "SocialLogin.Droid", "SocialLogin\SocialLogin.Droid\SocialLogin.Droid.csproj", "{843084BB-C046-4F85-AD8E-6A2901F91DA1}"
EndProject
Project("{FAE04EC0-301F-11D3-BF4B-00C04F79EFBC}") = "SocialLogin.iOS", "SocialLogin\SocialLogin.iOS\SocialLogin.iOS.csproj", "{8FA4592F-30C7-4D83-9384-929848C382B7}"
EndProject
Project("{FAE04EC0-301F-11D3-BF4B-00C04F79EFBC}") = "SocialLogin.WinPhone", "SocialLogin\SocialLogin.WinPhone\SocialLogin.WinPhone.csproj", "{9DF30586-5CB8-4214-976E-E92F6EBEEC7D}"
EndProject
Project("{FAE04EC0-301F-11D3-BF4B-00C04F79EFBC}") = "SocialLogin.Windows", "SocialLogin\SocialLogin.Windows\SocialLogin.Windows.csproj", "{B0A020AC-1EE3-4C7A-96B4-FB80899AA036}"
EndProject
Global
	GlobalSection(SolutionConfigurationPlatforms) = preSolution
		Ad-Hoc|Any CPU = Ad-Hoc|Any CPU
		Ad-Hoc|ARM = Ad-Hoc|ARM
		Ad-Hoc|iPhone = Ad-Hoc|iPhone
		Ad-Hoc|iPhoneSimulator = Ad-Hoc|iPhoneSimulator
		Ad-Hoc|x64 = Ad-Hoc|x64
		Ad-Hoc|x86 = Ad-Hoc|x86
		AppStore|Any CPU = AppStore|Any CPU
		AppStore|ARM = AppStore|ARM
		AppStore|iPhone = AppStore|iPhone
		AppStore|iPhoneSimulator = AppStore|iPhoneSimulator
		AppStore|x64 = AppStore|x64
		AppStore|x86 = AppStore|x86
		Debug|Any CPU = Debug|Any CPU
		Debug|ARM = Debug|ARM
		Debug|iPhone = Debug|iPhone
		Debug|iPhoneSimulator = Debug|iPhoneSimulator
		Debug|x64 = Debug|x64
		Debug|x86 = Debug|x86
		Release|Any CPU = Release|Any CPU
		Release|ARM = Release|ARM
		Release|iPhone = Release|iPhone
		Release|iPhoneSimulator = Release|iPhoneSimulator
		Release|x64 = Release|x64
		Release|x86 = Release|x86
	EndGlobalSection
	GlobalSection(ProjectConfigurationPlatforms) = postSolution
		{F91A27BF-DB9B-48A0-950A-9EAD82AA1D07}.Ad-Hoc|Any CPU.ActiveCfg = Release|Any CPU
		{F91A27BF-DB9B-48A0-950A-9EAD82AA1D07}.Ad-Hoc|Any CPU.Build.0 = Release|Any CPU
		{F91A27BF-DB9B-48A0-950A-9EAD82AA1D07}.Ad-Hoc|ARM.ActiveCfg = Release|Any CPU
		{F91A27BF-DB9B-48A0-950A-9EAD82AA1D07}.Ad-Hoc|ARM.Build.0 = Release|Any CPU
		{F91A27BF-DB9B-48A0-950A-9EAD82AA1D07}.Ad-Hoc|iPhone.ActiveCfg = Release|Any CPU
		{F91A27BF-DB9B-48A0-950A-9EAD82AA1D07}.Ad-Hoc|iPhone.Build.0 = Release|Any CPU
		{F91A27BF-DB9B-48A0-950A-9EAD82AA1D07}.Ad-Hoc|iPhoneSimulator.ActiveCfg = Release|Any CPU
		{F91A27BF-DB9B-48A0-950A-9EAD82AA1D07}.Ad-Hoc|iPhoneSimulator.Build.0 = Release|Any CPU
		{F91A27BF-DB9B-48A0-950A-9EAD82AA1D07}.Ad-Hoc|x64.ActiveCfg = Release|Any CPU
		{F91A27BF-DB9B-48A0-950A-9EAD82AA1D07}.Ad-Hoc|x64.Build.0 = Release|Any CPU
		{F91A27BF-DB9B-48A0-950A-9EAD82AA1D07}.Ad-Hoc|x86.ActiveCfg = Release|Any CPU
		{F91A27BF-DB9B-48A0-950A-9EAD82AA1D07}.Ad-Hoc|x86.Build.0 = Release|Any CPU
		{F91A27BF-DB9B-48A0-950A-9EAD82AA1D07}.AppStore|Any CPU.ActiveCfg = Release|Any CPU
		{F91A27BF-DB9B-48A0-950A-9EAD82AA1D07}.AppStore|Any CPU.Build.0 = Release|Any CPU
		{F91A27BF-DB9B-48A0-950A-9EAD82AA1D07}.AppStore|ARM.ActiveCfg = Release|Any CPU
		{F91A27BF-DB9B-48A0-950A-9EAD82AA1D07}.AppStore|ARM.Build.0 = Release|Any CPU
		{F91A27BF-DB9B-48A0-950A-9EAD82AA1D07}.AppStore|iPhone.ActiveCfg = Release|Any CPU
		{F91A27BF-DB9B-48A0-950A-9EAD82AA1D07}.AppStore|iPhone.Build.0 = Release|Any CPU
		{F91A27BF-DB9B-48A0-950A-9EAD82AA1D07}.AppStore|iPhoneSimulator.ActiveCfg = Release|Any CPU
		{F91A27BF-DB9B-48A0-950A-9EAD82AA1D07}.AppStore|iPhoneSimulator.Build.0 = Release|Any CPU
		{F91A27BF-DB9B-48A0-950A-9EAD82AA1D07}.AppStore|x64.ActiveCfg = Release|Any CPU
		{F91A27BF-DB9B-48A0-950A-9EAD82AA1D07}.AppStore|x64.Build.0 = Release|Any CPU
		{F91A27BF-DB9B-48A0-950A-9EAD82AA1D07}.AppStore|x86.ActiveCfg = Release|Any CPU
		{F91A27BF-DB9B-48A0-950A-9EAD82AA1D07}.AppStore|x86.Build.0 = Release|Any CPU
		{F91A27BF-DB9B-48A0-950A-9EAD82AA1D07}.Debug|Any CPU.ActiveCfg = Debug|Any CPU
		{F91A27BF-DB9B-48A0-950A-9EAD82AA1D07}.Debug|Any CPU.Build.0 = Debug|Any CPU
		{F91A27BF-DB9B-48A0-950A-9EAD82AA1D07}.Debug|ARM.ActiveCfg = Debug|Any CPU
		{F91A27BF-DB9B-48A0-950A-9EAD82AA1D07}.Debug|ARM.Build.0 = Debug|Any CPU
		{F91A27BF-DB9B-48A0-950A-9EAD82AA1D07}.Debug|iPhone.ActiveCfg = Debug|Any CPU
		{F91A27BF-DB9B-48A0-950A-9EAD82AA1D07}.Debug|iPhone.Build.0 = Debug|Any CPU
		{F91A27BF-DB9B-48A0-950A-9EAD82AA1D07}.Debug|iPhoneSimulator.ActiveCfg = Debug|Any CPU
		{F91A27BF-DB9B-48A0-950A-9EAD82AA1D07}.Debug|iPhoneSimulator.Build.0 = Debug|Any CPU
		{F91A27BF-DB9B-48A0-950A-9EAD82AA1D07}.Debug|x64.ActiveCfg = Debug|Any CPU
		{F91A27BF-DB9B-48A0-950A-9EAD82AA1D07}.Debug|x64.Build.0 = Debug|Any CPU
		{F91A27BF-DB9B-48A0-950A-9EAD82AA1D07}.Debug|x86.ActiveCfg = Debug|Any CPU
		{F91A27BF-DB9B-48A0-950A-9EAD82AA1D07}.Debug|x86.Build.0 = Debug|Any CPU
		{F91A27BF-DB9B-48A0-950A-9EAD82AA1D07}.Release|Any CPU.ActiveCfg = Release|Any CPU
		{F91A27BF-DB9B-48A0-950A-9EAD82AA1D07}.Release|Any CPU.Build.0 = Release|Any CPU
		{F91A27BF-DB9B-48A0-950A-9EAD82AA1D07}.Release|ARM.ActiveCfg = Release|Any CPU
		{F91A27BF-DB9B-48A0-950A-9EAD82AA1D07}.Release|ARM.Build.0 = Release|Any CPU
		{F91A27BF-DB9B-48A0-950A-9EAD82AA1D07}.Release|iPhone.ActiveCfg = Release|Any CPU
		{F91A27BF-DB9B-48A0-950A-9EAD82AA1D07}.Release|iPhone.Build.0 = Release|Any CPU
		{F91A27BF-DB9B-48A0-950A-9EAD82AA1D07}.Release|iPhoneSimulator.ActiveCfg = Release|Any CPU
		{F91A27BF-DB9B-48A0-950A-9EAD82AA1D07}.Release|iPhoneSimulator.Build.0 = Release|Any CPU
		{F91A27BF-DB9B-48A0-950A-9EAD82AA1D07}.Release|x64.ActiveCfg = Release|Any CPU
		{F91A27BF-DB9B-48A0-950A-9EAD82AA1D07}.Release|x64.Build.0 = Release|Any CPU
		{F91A27BF-DB9B-48A0-950A-9EAD82AA1D07}.Release|x86.ActiveCfg = Release|Any CPU
		{F91A27BF-DB9B-48A0-950A-9EAD82AA1D07}.Release|x86.Build.0 = Release|Any CPU
		{843084BB-C046-4F85-AD8E-6A2901F91DA1}.Ad-Hoc|Any CPU.ActiveCfg = Release|Any CPU
		{843084BB-C046-4F85-AD8E-6A2901F91DA1}.Ad-Hoc|Any CPU.Build.0 = Release|Any CPU
		{843084BB-C046-4F85-AD8E-6A2901F91DA1}.Ad-Hoc|Any CPU.Deploy.0 = Release|Any CPU
		{843084BB-C046-4F85-AD8E-6A2901F91DA1}.Ad-Hoc|ARM.ActiveCfg = Release|Any CPU
		{843084BB-C046-4F85-AD8E-6A2901F91DA1}.Ad-Hoc|ARM.Build.0 = Release|Any CPU
		{843084BB-C046-4F85-AD8E-6A2901F91DA1}.Ad-Hoc|ARM.Deploy.0 = Release|Any CPU
		{843084BB-C046-4F85-AD8E-6A2901F91DA1}.Ad-Hoc|iPhone.ActiveCfg = Release|Any CPU
		{843084BB-C046-4F85-AD8E-6A2901F91DA1}.Ad-Hoc|iPhone.Build.0 = Release|Any CPU
		{843084BB-C046-4F85-AD8E-6A2901F91DA1}.Ad-Hoc|iPhone.Deploy.0 = Release|Any CPU
		{843084BB-C046-4F85-AD8E-6A2901F91DA1}.Ad-Hoc|iPhoneSimulator.ActiveCfg = Release|Any CPU
		{843084BB-C046-4F85-AD8E-6A2901F91DA1}.Ad-Hoc|iPhoneSimulator.Build.0 = Release|Any CPU
		{843084BB-C046-4F85-AD8E-6A2901F91DA1}.Ad-Hoc|iPhoneSimulator.Deploy.0 = Release|Any CPU
		{843084BB-C046-4F85-AD8E-6A2901F91DA1}.Ad-Hoc|x64.ActiveCfg = Release|Any CPU
		{843084BB-C046-4F85-AD8E-6A2901F91DA1}.Ad-Hoc|x64.Build.0 = Release|Any CPU
		{843084BB-C046-4F85-AD8E-6A2901F91DA1}.Ad-Hoc|x64.Deploy.0 = Release|Any CPU
		{843084BB-C046-4F85-AD8E-6A2901F91DA1}.Ad-Hoc|x86.ActiveCfg = Release|Any CPU
		{843084BB-C046-4F85-AD8E-6A2901F91DA1}.Ad-Hoc|x86.Build.0 = Release|Any CPU
		{843084BB-C046-4F85-AD8E-6A2901F91DA1}.Ad-Hoc|x86.Deploy.0 = Release|Any CPU
		{843084BB-C046-4F85-AD8E-6A2901F91DA1}.AppStore|Any CPU.ActiveCfg = Release|Any CPU
		{843084BB-C046-4F85-AD8E-6A2901F91DA1}.AppStore|Any CPU.Build.0 = Release|Any CPU
		{843084BB-C046-4F85-AD8E-6A2901F91DA1}.AppStore|Any CPU.Deploy.0 = Release|Any CPU
		{843084BB-C046-4F85-AD8E-6A2901F91DA1}.AppStore|ARM.ActiveCfg = Release|Any CPU
		{843084BB-C046-4F85-AD8E-6A2901F91DA1}.AppStore|ARM.Build.0 = Release|Any CPU
		{843084BB-C046-4F85-AD8E-6A2901F91DA1}.AppStore|ARM.Deploy.0 = Release|Any CPU
		{843084BB-C046-4F85-AD8E-6A2901F91DA1}.AppStore|iPhone.ActiveCfg = Release|Any CPU
		{843084BB-C046-4F85-AD8E-6A2901F91DA1}.AppStore|iPhone.Build.0 = Release|Any CPU
		{843084BB-C046-4F85-AD8E-6A2901F91DA1}.AppStore|iPhone.Deploy.0 = Release|Any CPU
		{843084BB-C046-4F85-AD8E-6A2901F91DA1}.AppStore|iPhoneSimulator.ActiveCfg = Release|Any CPU
		{843084BB-C046-4F85-AD8E-6A2901F91DA1}.AppStore|iPhoneSimulator.Build.0 = Release|Any CPU
		{843084BB-C046-4F85-AD8E-6A2901F91DA1}.AppStore|iPhoneSimulator.Deploy.0 = Release|Any CPU
		{843084BB-C046-4F85-AD8E-6A2901F91DA1}.AppStore|x64.ActiveCfg = Release|Any CPU
		{843084BB-C046-4F85-AD8E-6A2901F91DA1}.AppStore|x64.Build.0 = Release|Any CPU
		{843084BB-C046-4F85-AD8E-6A2901F91DA1}.AppStore|x64.Deploy.0 = Release|Any CPU
		{843084BB-C046-4F85-AD8E-6A2901F91DA1}.AppStore|x86.ActiveCfg = Release|Any CPU
		{843084BB-C046-4F85-AD8E-6A2901F91DA1}.AppStore|x86.Build.0 = Release|Any CPU
		{843084BB-C046-4F85-AD8E-6A2901F91DA1}.AppStore|x86.Deploy.0 = Release|Any CPU
		{843084BB-C046-4F85-AD8E-6A2901F91DA1}.Debug|Any CPU.ActiveCfg = Debug|Any CPU
		{843084BB-C046-4F85-AD8E-6A2901F91DA1}.Debug|Any CPU.Build.0 = Debug|Any CPU
		{843084BB-C046-4F85-AD8E-6A2901F91DA1}.Debug|Any CPU.Deploy.0 = Debug|Any CPU
		{843084BB-C046-4F85-AD8E-6A2901F91DA1}.Debug|ARM.ActiveCfg = Debug|Any CPU
		{843084BB-C046-4F85-AD8E-6A2901F91DA1}.Debug|ARM.Build.0 = Debug|Any CPU
		{843084BB-C046-4F85-AD8E-6A2901F91DA1}.Debug|ARM.Deploy.0 = Debug|Any CPU
		{843084BB-C046-4F85-AD8E-6A2901F91DA1}.Debug|iPhone.ActiveCfg = Debug|Any CPU
		{843084BB-C046-4F85-AD8E-6A2901F91DA1}.Debug|iPhone.Build.0 = Debug|Any CPU
		{843084BB-C046-4F85-AD8E-6A2901F91DA1}.Debug|iPhone.Deploy.0 = Debug|Any CPU
		{843084BB-C046-4F85-AD8E-6A2901F91DA1}.Debug|iPhoneSimulator.ActiveCfg = Debug|Any CPU
		{843084BB-C046-4F85-AD8E-6A2901F91DA1}.Debug|iPhoneSimulator.Build.0 = Debug|Any CPU
		{843084BB-C046-4F85-AD8E-6A2901F91DA1}.Debug|iPhoneSimulator.Deploy.0 = Debug|Any CPU
		{843084BB-C046-4F85-AD8E-6A2901F91DA1}.Debug|x64.ActiveCfg = Debug|Any CPU
		{843084BB-C046-4F85-AD8E-6A2901F91DA1}.Debug|x64.Build.0 = Debug|Any CPU
		{843084BB-C046-4F85-AD8E-6A2901F91DA1}.Debug|x64.Deploy.0 = Debug|Any CPU
		{843084BB-C046-4F85-AD8E-6A2901F91DA1}.Debug|x86.ActiveCfg = Debug|Any CPU
		{843084BB-C046-4F85-AD8E-6A2901F91DA1}.Debug|x86.Build.0 = Debug|Any CPU
		{843084BB-C046-4F85-AD8E-6A2901F91DA1}.Debug|x86.Deploy.0 = Debug|Any CPU
		{843084BB-C046-4F85-AD8E-6A2901F91DA1}.Release|Any CPU.ActiveCfg = Release|Any CPU
		{843084BB-C046-4F85-AD8E-6A2901F91DA1}.Release|Any CPU.Build.0 = Release|Any CPU
		{843084BB-C046-4F85-AD8E-6A2901F91DA1}.Release|Any CPU.Deploy.0 = Release|Any CPU
		{843084BB-C046-4F85-AD8E-6A2901F91DA1}.Release|ARM.ActiveCfg = Release|Any CPU
		{843084BB-C046-4F85-AD8E-6A2901F91DA1}.Release|ARM.Build.0 = Release|Any CPU
		{843084BB-C046-4F85-AD8E-6A2901F91DA1}.Release|ARM.Deploy.0 = Release|Any CPU
		{843084BB-C046-4F85-AD8E-6A2901F91DA1}.Release|iPhone.ActiveCfg = Release|Any CPU
		{843084BB-C046-4F85-AD8E-6A2901F91DA1}.Release|iPhone.Build.0 = Release|Any CPU
		{843084BB-C046-4F85-AD8E-6A2901F91DA1}.Release|iPhone.Deploy.0 = Release|Any CPU
		{843084BB-C046-4F85-AD8E-6A2901F91DA1}.Release|iPhoneSimulator.ActiveCfg = Release|Any CPU
		{843084BB-C046-4F85-AD8E-6A2901F91DA1}.Release|iPhoneSimulator.Build.0 = Release|Any CPU
		{843084BB-C046-4F85-AD8E-6A2901F91DA1}.Release|iPhoneSimulator.Deploy.0 = Release|Any CPU
		{843084BB-C046-4F85-AD8E-6A2901F91DA1}.Release|x64.ActiveCfg = Release|Any CPU
		{843084BB-C046-4F85-AD8E-6A2901F91DA1}.Release|x64.Build.0 = Release|Any CPU
		{843084BB-C046-4F85-AD8E-6A2901F91DA1}.Release|x64.Deploy.0 = Release|Any CPU
		{843084BB-C046-4F85-AD8E-6A2901F91DA1}.Release|x86.ActiveCfg = Release|Any CPU
		{843084BB-C046-4F85-AD8E-6A2901F91DA1}.Release|x86.Build.0 = Release|Any CPU
		{843084BB-C046-4F85-AD8E-6A2901F91DA1}.Release|x86.Deploy.0 = Release|Any CPU
		{8FA4592F-30C7-4D83-9384-929848C382B7}.Ad-Hoc|Any CPU.ActiveCfg = Ad-Hoc|iPhone
		{8FA4592F-30C7-4D83-9384-929848C382B7}.Ad-Hoc|ARM.ActiveCfg = Ad-Hoc|iPhone
		{8FA4592F-30C7-4D83-9384-929848C382B7}.Ad-Hoc|iPhone.ActiveCfg = Ad-Hoc|iPhone
		{8FA4592F-30C7-4D83-9384-929848C382B7}.Ad-Hoc|iPhone.Build.0 = Ad-Hoc|iPhone
		{8FA4592F-30C7-4D83-9384-929848C382B7}.Ad-Hoc|iPhoneSimulator.ActiveCfg = Ad-Hoc|iPhoneSimulator
		{8FA4592F-30C7-4D83-9384-929848C382B7}.Ad-Hoc|iPhoneSimulator.Build.0 = Ad-Hoc|iPhoneSimulator
		{8FA4592F-30C7-4D83-9384-929848C382B7}.Ad-Hoc|x64.ActiveCfg = Ad-Hoc|iPhone
		{8FA4592F-30C7-4D83-9384-929848C382B7}.Ad-Hoc|x86.ActiveCfg = Ad-Hoc|iPhone
		{8FA4592F-30C7-4D83-9384-929848C382B7}.AppStore|Any CPU.ActiveCfg = AppStore|iPhone
		{8FA4592F-30C7-4D83-9384-929848C382B7}.AppStore|ARM.ActiveCfg = AppStore|iPhone
		{8FA4592F-30C7-4D83-9384-929848C382B7}.AppStore|iPhone.ActiveCfg = AppStore|iPhone
		{8FA4592F-30C7-4D83-9384-929848C382B7}.AppStore|iPhone.Build.0 = AppStore|iPhone
		{8FA4592F-30C7-4D83-9384-929848C382B7}.AppStore|iPhoneSimulator.ActiveCfg = AppStore|iPhoneSimulator
		{8FA4592F-30C7-4D83-9384-929848C382B7}.AppStore|iPhoneSimulator.Build.0 = AppStore|iPhoneSimulator
		{8FA4592F-30C7-4D83-9384-929848C382B7}.AppStore|x64.ActiveCfg = AppStore|iPhone
		{8FA4592F-30C7-4D83-9384-929848C382B7}.AppStore|x86.ActiveCfg = AppStore|iPhone
		{8FA4592F-30C7-4D83-9384-929848C382B7}.Debug|Any CPU.ActiveCfg = Debug|iPhone
		{8FA4592F-30C7-4D83-9384-929848C382B7}.Debug|ARM.ActiveCfg = Debug|iPhone
		{8FA4592F-30C7-4D83-9384-929848C382B7}.Debug|iPhone.ActiveCfg = Debug|iPhone
		{8FA4592F-30C7-4D83-9384-929848C382B7}.Debug|iPhone.Build.0 = Debug|iPhone
		{8FA4592F-30C7-4D83-9384-929848C382B7}.Debug|iPhoneSimulator.ActiveCfg = Debug|iPhoneSimulator
		{8FA4592F-30C7-4D83-9384-929848C382B7}.Debug|iPhoneSimulator.Build.0 = Debug|iPhoneSimulator
		{8FA4592F-30C7-4D83-9384-929848C382B7}.Debug|x64.ActiveCfg = Debug|iPhone
		{8FA4592F-30C7-4D83-9384-929848C382B7}.Debug|x86.ActiveCfg = Debug|iPhone
		{8FA4592F-30C7-4D83-9384-929848C382B7}.Release|Any CPU.ActiveCfg = Release|iPhone
		{8FA4592F-30C7-4D83-9384-929848C382B7}.Release|ARM.ActiveCfg = Release|iPhone
		{8FA4592F-30C7-4D83-9384-929848C382B7}.Release|iPhone.ActiveCfg = Release|iPhone
		{8FA4592F-30C7-4D83-9384-929848C382B7}.Release|iPhone.Build.0 = Release|iPhone
		{8FA4592F-30C7-4D83-9384-929848C382B7}.Release|iPhoneSimulator.ActiveCfg = Release|iPhoneSimulator
		{8FA4592F-30C7-4D83-9384-929848C382B7}.Release|iPhoneSimulator.Build.0 = Release|iPhoneSimulator
		{8FA4592F-30C7-4D83-9384-929848C382B7}.Release|x64.ActiveCfg = Release|iPhone
		{8FA4592F-30C7-4D83-9384-929848C382B7}.Release|x86.ActiveCfg = Release|iPhone
		{9DF30586-5CB8-4214-976E-E92F6EBEEC7D}.Ad-Hoc|Any CPU.ActiveCfg = Release|Any CPU
		{9DF30586-5CB8-4214-976E-E92F6EBEEC7D}.Ad-Hoc|Any CPU.Build.0 = Release|Any CPU
		{9DF30586-5CB8-4214-976E-E92F6EBEEC7D}.Ad-Hoc|Any CPU.Deploy.0 = Release|Any CPU
		{9DF30586-5CB8-4214-976E-E92F6EBEEC7D}.Ad-Hoc|ARM.ActiveCfg = Release|ARM
		{9DF30586-5CB8-4214-976E-E92F6EBEEC7D}.Ad-Hoc|ARM.Build.0 = Release|ARM
		{9DF30586-5CB8-4214-976E-E92F6EBEEC7D}.Ad-Hoc|ARM.Deploy.0 = Release|ARM
		{9DF30586-5CB8-4214-976E-E92F6EBEEC7D}.Ad-Hoc|iPhone.ActiveCfg = Release|Any CPU
		{9DF30586-5CB8-4214-976E-E92F6EBEEC7D}.Ad-Hoc|iPhone.Build.0 = Release|Any CPU
		{9DF30586-5CB8-4214-976E-E92F6EBEEC7D}.Ad-Hoc|iPhone.Deploy.0 = Release|Any CPU
		{9DF30586-5CB8-4214-976E-E92F6EBEEC7D}.Ad-Hoc|iPhoneSimulator.ActiveCfg = Release|Any CPU
		{9DF30586-5CB8-4214-976E-E92F6EBEEC7D}.Ad-Hoc|iPhoneSimulator.Build.0 = Release|Any CPU
		{9DF30586-5CB8-4214-976E-E92F6EBEEC7D}.Ad-Hoc|iPhoneSimulator.Deploy.0 = Release|Any CPU
		{9DF30586-5CB8-4214-976E-E92F6EBEEC7D}.Ad-Hoc|x64.ActiveCfg = Release|Any CPU
		{9DF30586-5CB8-4214-976E-E92F6EBEEC7D}.Ad-Hoc|x64.Build.0 = Release|Any CPU
		{9DF30586-5CB8-4214-976E-E92F6EBEEC7D}.Ad-Hoc|x64.Deploy.0 = Release|Any CPU
		{9DF30586-5CB8-4214-976E-E92F6EBEEC7D}.Ad-Hoc|x86.ActiveCfg = Release|x86
		{9DF30586-5CB8-4214-976E-E92F6EBEEC7D}.Ad-Hoc|x86.Build.0 = Release|x86
		{9DF30586-5CB8-4214-976E-E92F6EBEEC7D}.Ad-Hoc|x86.Deploy.0 = Release|x86
		{9DF30586-5CB8-4214-976E-E92F6EBEEC7D}.AppStore|Any CPU.ActiveCfg = Release|Any CPU
		{9DF30586-5CB8-4214-976E-E92F6EBEEC7D}.AppStore|Any CPU.Build.0 = Release|Any CPU
		{9DF30586-5CB8-4214-976E-E92F6EBEEC7D}.AppStore|Any CPU.Deploy.0 = Release|Any CPU
		{9DF30586-5CB8-4214-976E-E92F6EBEEC7D}.AppStore|ARM.ActiveCfg = Release|ARM
		{9DF30586-5CB8-4214-976E-E92F6EBEEC7D}.AppStore|ARM.Build.0 = Release|ARM
		{9DF30586-5CB8-4214-976E-E92F6EBEEC7D}.AppStore|ARM.Deploy.0 = Release|ARM
		{9DF30586-5CB8-4214-976E-E92F6EBEEC7D}.AppStore|iPhone.ActiveCfg = Release|Any CPU
		{9DF30586-5CB8-4214-976E-E92F6EBEEC7D}.AppStore|iPhone.Build.0 = Release|Any CPU
		{9DF30586-5CB8-4214-976E-E92F6EBEEC7D}.AppStore|iPhone.Deploy.0 = Release|Any CPU
		{9DF30586-5CB8-4214-976E-E92F6EBEEC7D}.AppStore|iPhoneSimulator.ActiveCfg = Release|Any CPU
		{9DF30586-5CB8-4214-976E-E92F6EBEEC7D}.AppStore|iPhoneSimulator.Build.0 = Release|Any CPU
		{9DF30586-5CB8-4214-976E-E92F6EBEEC7D}.AppStore|iPhoneSimulator.Deploy.0 = Release|Any CPU
		{9DF30586-5CB8-4214-976E-E92F6EBEEC7D}.AppStore|x64.ActiveCfg = Release|Any CPU
		{9DF30586-5CB8-4214-976E-E92F6EBEEC7D}.AppStore|x64.Build.0 = Release|Any CPU
		{9DF30586-5CB8-4214-976E-E92F6EBEEC7D}.AppStore|x64.Deploy.0 = Release|Any CPU
		{9DF30586-5CB8-4214-976E-E92F6EBEEC7D}.AppStore|x86.ActiveCfg = Release|x86
		{9DF30586-5CB8-4214-976E-E92F6EBEEC7D}.AppStore|x86.Build.0 = Release|x86
		{9DF30586-5CB8-4214-976E-E92F6EBEEC7D}.AppStore|x86.Deploy.0 = Release|x86
		{9DF30586-5CB8-4214-976E-E92F6EBEEC7D}.Debug|Any CPU.ActiveCfg = Debug|Any CPU
		{9DF30586-5CB8-4214-976E-E92F6EBEEC7D}.Debug|Any CPU.Build.0 = Debug|Any CPU
		{9DF30586-5CB8-4214-976E-E92F6EBEEC7D}.Debug|Any CPU.Deploy.0 = Debug|Any CPU
		{9DF30586-5CB8-4214-976E-E92F6EBEEC7D}.Debug|ARM.ActiveCfg = Debug|ARM
		{9DF30586-5CB8-4214-976E-E92F6EBEEC7D}.Debug|ARM.Build.0 = Debug|ARM
		{9DF30586-5CB8-4214-976E-E92F6EBEEC7D}.Debug|ARM.Deploy.0 = Debug|ARM
		{9DF30586-5CB8-4214-976E-E92F6EBEEC7D}.Debug|iPhone.ActiveCfg = Debug|Any CPU
		{9DF30586-5CB8-4214-976E-E92F6EBEEC7D}.Debug|iPhone.Build.0 = Debug|Any CPU
		{9DF30586-5CB8-4214-976E-E92F6EBEEC7D}.Debug|iPhone.Deploy.0 = Debug|Any CPU
		{9DF30586-5CB8-4214-976E-E92F6EBEEC7D}.Debug|iPhoneSimulator.ActiveCfg = Debug|Any CPU
		{9DF30586-5CB8-4214-976E-E92F6EBEEC7D}.Debug|iPhoneSimulator.Build.0 = Debug|Any CPU
		{9DF30586-5CB8-4214-976E-E92F6EBEEC7D}.Debug|iPhoneSimulator.Deploy.0 = Debug|Any CPU
		{9DF30586-5CB8-4214-976E-E92F6EBEEC7D}.Debug|x64.ActiveCfg = Debug|Any CPU
		{9DF30586-5CB8-4214-976E-E92F6EBEEC7D}.Debug|x64.Build.0 = Debug|Any CPU
		{9DF30586-5CB8-4214-976E-E92F6EBEEC7D}.Debug|x64.Deploy.0 = Debug|Any CPU
		{9DF30586-5CB8-4214-976E-E92F6EBEEC7D}.Debug|x86.ActiveCfg = Debug|x86
		{9DF30586-5CB8-4214-976E-E92F6EBEEC7D}.Debug|x86.Build.0 = Debug|x86
		{9DF30586-5CB8-4214-976E-E92F6EBEEC7D}.Debug|x86.Deploy.0 = Debug|x86
		{9DF30586-5CB8-4214-976E-E92F6EBEEC7D}.Release|Any CPU.ActiveCfg = Release|Any CPU
		{9DF30586-5CB8-4214-976E-E92F6EBEEC7D}.Release|Any CPU.Build.0 = Release|Any CPU
		{9DF30586-5CB8-4214-976E-E92F6EBEEC7D}.Release|Any CPU.Deploy.0 = Release|Any CPU
		{9DF30586-5CB8-4214-976E-E92F6EBEEC7D}.Release|ARM.ActiveCfg = Release|ARM
		{9DF30586-5CB8-4214-976E-E92F6EBEEC7D}.Release|ARM.Build.0 = Release|ARM
		{9DF30586-5CB8-4214-976E-E92F6EBEEC7D}.Release|ARM.Deploy.0 = Release|ARM
		{9DF30586-5CB8-4214-976E-E92F6EBEEC7D}.Release|iPhone.ActiveCfg = Release|Any CPU
		{9DF30586-5CB8-4214-976E-E92F6EBEEC7D}.Release|iPhone.Build.0 = Release|Any CPU
		{9DF30586-5CB8-4214-976E-E92F6EBEEC7D}.Release|iPhone.Deploy.0 = Release|Any CPU
		{9DF30586-5CB8-4214-976E-E92F6EBEEC7D}.Release|iPhoneSimulator.ActiveCfg = Release|Any CPU
		{9DF30586-5CB8-4214-976E-E92F6EBEEC7D}.Release|iPhoneSimulator.Build.0 = Release|Any CPU
		{9DF30586-5CB8-4214-976E-E92F6EBEEC7D}.Release|iPhoneSimulator.Deploy.0 = Release|Any CPU
		{9DF30586-5CB8-4214-976E-E92F6EBEEC7D}.Release|x64.ActiveCfg = Release|Any CPU
		{9DF30586-5CB8-4214-976E-E92F6EBEEC7D}.Release|x64.Build.0 = Release|Any CPU
		{9DF30586-5CB8-4214-976E-E92F6EBEEC7D}.Release|x64.Deploy.0 = Release|Any CPU
		{9DF30586-5CB8-4214-976E-E92F6EBEEC7D}.Release|x86.ActiveCfg = Release|x86
		{9DF30586-5CB8-4214-976E-E92F6EBEEC7D}.Release|x86.Build.0 = Release|x86
		{9DF30586-5CB8-4214-976E-E92F6EBEEC7D}.Release|x86.Deploy.0 = Release|x86
		{B0A020AC-1EE3-4C7A-96B4-FB80899AA036}.Ad-Hoc|Any CPU.ActiveCfg = Release|Any CPU
		{B0A020AC-1EE3-4C7A-96B4-FB80899AA036}.Ad-Hoc|Any CPU.Build.0 = Release|Any CPU
		{B0A020AC-1EE3-4C7A-96B4-FB80899AA036}.Ad-Hoc|Any CPU.Deploy.0 = Release|Any CPU
		{B0A020AC-1EE3-4C7A-96B4-FB80899AA036}.Ad-Hoc|ARM.ActiveCfg = Release|ARM
		{B0A020AC-1EE3-4C7A-96B4-FB80899AA036}.Ad-Hoc|ARM.Build.0 = Release|ARM
		{B0A020AC-1EE3-4C7A-96B4-FB80899AA036}.Ad-Hoc|ARM.Deploy.0 = Release|ARM
		{B0A020AC-1EE3-4C7A-96B4-FB80899AA036}.Ad-Hoc|iPhone.ActiveCfg = Release|Any CPU
		{B0A020AC-1EE3-4C7A-96B4-FB80899AA036}.Ad-Hoc|iPhone.Build.0 = Release|Any CPU
		{B0A020AC-1EE3-4C7A-96B4-FB80899AA036}.Ad-Hoc|iPhone.Deploy.0 = Release|Any CPU
		{B0A020AC-1EE3-4C7A-96B4-FB80899AA036}.Ad-Hoc|iPhoneSimulator.ActiveCfg = Release|Any CPU
		{B0A020AC-1EE3-4C7A-96B4-FB80899AA036}.Ad-Hoc|iPhoneSimulator.Build.0 = Release|Any CPU
		{B0A020AC-1EE3-4C7A-96B4-FB80899AA036}.Ad-Hoc|iPhoneSimulator.Deploy.0 = Release|Any CPU
		{B0A020AC-1EE3-4C7A-96B4-FB80899AA036}.Ad-Hoc|x64.ActiveCfg = Release|x64
		{B0A020AC-1EE3-4C7A-96B4-FB80899AA036}.Ad-Hoc|x64.Build.0 = Release|x64
		{B0A020AC-1EE3-4C7A-96B4-FB80899AA036}.Ad-Hoc|x64.Deploy.0 = Release|x64
		{B0A020AC-1EE3-4C7A-96B4-FB80899AA036}.Ad-Hoc|x86.ActiveCfg = Release|x86
		{B0A020AC-1EE3-4C7A-96B4-FB80899AA036}.Ad-Hoc|x86.Build.0 = Release|x86
		{B0A020AC-1EE3-4C7A-96B4-FB80899AA036}.Ad-Hoc|x86.Deploy.0 = Release|x86
		{B0A020AC-1EE3-4C7A-96B4-FB80899AA036}.AppStore|Any CPU.ActiveCfg = Release|Any CPU
		{B0A020AC-1EE3-4C7A-96B4-FB80899AA036}.AppStore|Any CPU.Build.0 = Release|Any CPU
		{B0A020AC-1EE3-4C7A-96B4-FB80899AA036}.AppStore|Any CPU.Deploy.0 = Release|Any CPU
		{B0A020AC-1EE3-4C7A-96B4-FB80899AA036}.AppStore|ARM.ActiveCfg = Release|ARM
		{B0A020AC-1EE3-4C7A-96B4-FB80899AA036}.AppStore|ARM.Build.0 = Release|ARM
		{B0A020AC-1EE3-4C7A-96B4-FB80899AA036}.AppStore|ARM.Deploy.0 = Release|ARM
		{B0A020AC-1EE3-4C7A-96B4-FB80899AA036}.AppStore|iPhone.ActiveCfg = Release|Any CPU
		{B0A020AC-1EE3-4C7A-96B4-FB80899AA036}.AppStore|iPhone.Build.0 = Release|Any CPU
		{B0A020AC-1EE3-4C7A-96B4-FB80899AA036}.AppStore|iPhone.Deploy.0 = Release|Any CPU
		{B0A020AC-1EE3-4C7A-96B4-FB80899AA036}.AppStore|iPhoneSimulator.ActiveCfg = Release|Any CPU
		{B0A020AC-1EE3-4C7A-96B4-FB80899AA036}.AppStore|iPhoneSimulator.Build.0 = Release|Any CPU
		{B0A020AC-1EE3-4C7A-96B4-FB80899AA036}.AppStore|iPhoneSimulator.Deploy.0 = Release|Any CPU
		{B0A020AC-1EE3-4C7A-96B4-FB80899AA036}.AppStore|x64.ActiveCfg = Release|x64
		{B0A020AC-1EE3-4C7A-96B4-FB80899AA036}.AppStore|x64.Build.0 = Release|x64
		{B0A020AC-1EE3-4C7A-96B4-FB80899AA036}.AppStore|x64.Deploy.0 = Release|x64
		{B0A020AC-1EE3-4C7A-96B4-FB80899AA036}.AppStore|x86.ActiveCfg = Release|x86
		{B0A020AC-1EE3-4C7A-96B4-FB80899AA036}.AppStore|x86.Build.0 = Release|x86
		{B0A020AC-1EE3-4C7A-96B4-FB80899AA036}.AppStore|x86.Deploy.0 = Release|x86
		{B0A020AC-1EE3-4C7A-96B4-FB80899AA036}.Debug|Any CPU.ActiveCfg = Debug|Any CPU
		{B0A020AC-1EE3-4C7A-96B4-FB80899AA036}.Debug|Any CPU.Build.0 = Debug|Any CPU
		{B0A020AC-1EE3-4C7A-96B4-FB80899AA036}.Debug|Any CPU.Deploy.0 = Debug|Any CPU
		{B0A020AC-1EE3-4C7A-96B4-FB80899AA036}.Debug|ARM.ActiveCfg = Debug|ARM
		{B0A020AC-1EE3-4C7A-96B4-FB80899AA036}.Debug|ARM.Build.0 = Debug|ARM
		{B0A020AC-1EE3-4C7A-96B4-FB80899AA036}.Debug|ARM.Deploy.0 = Debug|ARM
		{B0A020AC-1EE3-4C7A-96B4-FB80899AA036}.Debug|iPhone.ActiveCfg = Debug|Any CPU
		{B0A020AC-1EE3-4C7A-96B4-FB80899AA036}.Debug|iPhone.Build.0 = Debug|Any CPU
		{B0A020AC-1EE3-4C7A-96B4-FB80899AA036}.Debug|iPhone.Deploy.0 = Debug|Any CPU
		{B0A020AC-1EE3-4C7A-96B4-FB80899AA036}.Debug|iPhoneSimulator.ActiveCfg = Debug|Any CPU
		{B0A020AC-1EE3-4C7A-96B4-FB80899AA036}.Debug|iPhoneSimulator.Build.0 = Debug|Any CPU
		{B0A020AC-1EE3-4C7A-96B4-FB80899AA036}.Debug|iPhoneSimulator.Deploy.0 = Debug|Any CPU
		{B0A020AC-1EE3-4C7A-96B4-FB80899AA036}.Debug|x64.ActiveCfg = Debug|x64
		{B0A020AC-1EE3-4C7A-96B4-FB80899AA036}.Debug|x64.Build.0 = Debug|x64
		{B0A020AC-1EE3-4C7A-96B4-FB80899AA036}.Debug|x64.Deploy.0 = Debug|x64
		{B0A020AC-1EE3-4C7A-96B4-FB80899AA036}.Debug|x86.ActiveCfg = Debug|x86
		{B0A020AC-1EE3-4C7A-96B4-FB80899AA036}.Debug|x86.Build.0 = Debug|x86
		{B0A020AC-1EE3-4C7A-96B4-FB80899AA036}.Debug|x86.Deploy.0 = Debug|x86
		{B0A020AC-1EE3-4C7A-96B4-FB80899AA036}.Release|Any CPU.ActiveCfg = Release|Any CPU
		{B0A020AC-1EE3-4C7A-96B4-FB80899AA036}.Release|Any CPU.Build.0 = Release|Any CPU
		{B0A020AC-1EE3-4C7A-96B4-FB80899AA036}.Release|Any CPU.Deploy.0 = Release|Any CPU
		{B0A020AC-1EE3-4C7A-96B4-FB80899AA036}.Release|ARM.ActiveCfg = Release|ARM
		{B0A020AC-1EE3-4C7A-96B4-FB80899AA036}.Release|ARM.Build.0 = Release|ARM
		{B0A020AC-1EE3-4C7A-96B4-FB80899AA036}.Release|ARM.Deploy.0 = Release|ARM
		{B0A020AC-1EE3-4C7A-96B4-FB80899AA036}.Release|iPhone.ActiveCfg = Release|Any CPU
		{B0A020AC-1EE3-4C7A-96B4-FB80899AA036}.Release|iPhone.Build.0 = Release|Any CPU
		{B0A020AC-1EE3-4C7A-96B4-FB80899AA036}.Release|iPhone.Deploy.0 = Release|Any CPU
		{B0A020AC-1EE3-4C7A-96B4-FB80899AA036}.Release|iPhoneSimulator.ActiveCfg = Release|Any CPU
		{B0A020AC-1EE3-4C7A-96B4-FB80899AA036}.Release|iPhoneSimulator.Build.0 = Release|Any CPU
		{B0A020AC-1EE3-4C7A-96B4-FB80899AA036}.Release|iPhoneSimulator.Deploy.0 = Release|Any CPU
		{B0A020AC-1EE3-4C7A-96B4-FB80899AA036}.Release|x64.ActiveCfg = Release|x64
		{B0A020AC-1EE3-4C7A-96B4-FB80899AA036}.Release|x64.Build.0 = Release|x64
		{B0A020AC-1EE3-4C7A-96B4-FB80899AA036}.Release|x64.Deploy.0 = Release|x64
		{B0A020AC-1EE3-4C7A-96B4-FB80899AA036}.Release|x86.ActiveCfg = Release|x86
		{B0A020AC-1EE3-4C7A-96B4-FB80899AA036}.Release|x86.Build.0 = Release|x86
		{B0A020AC-1EE3-4C7A-96B4-FB80899AA036}.Release|x86.Deploy.0 = Release|x86
	EndGlobalSection
	GlobalSection(SolutionProperties) = preSolution
		HideSolutionNode = FALSE
	EndGlobalSection
EndGlobal
